
Microsoft Visual Studio Solution File, Format Version 12.00
# Visual Studio 15
VisualStudioVersion = 15.0.28307.539
MinimumVisualStudioVersion = 10.0.40219.1
Project("{FAE04EC0-301F-11D3-BF4B-00C04F79EFBC}") = "TemporaryWPF", "TemporaryWPF\TemporaryWPF.csproj", "{F5943F78-6833-4037-8272-7138169C2947}"
EndProject
Global
	GlobalSection(SolutionConfigurationPlatforms) = preSolution
		Debug|Any CPU = Debug|Any CPU
		Release|Any CPU = Release|Any CPU
	EndGlobalSection
	GlobalSection(ProjectConfigurationPlatforms) = postSolution
		{F5943F78-6833-4037-8272-7138169C2947}.Debug|Any CPU.ActiveCfg = Debug|Any CPU
		{F5943F78-6833-4037-8272-7138169C2947}.Debug|Any CPU.Build.0 = Debug|Any CPU
		{F5943F78-6833-4037-8272-7138169C2947}.Release|Any CPU.ActiveCfg = Release|Any CPU
		{F5943F78-6833-4037-8272-7138169C2947}.Release|Any CPU.Build.0 = Release|Any CPU
	EndGlobalSection
	GlobalSection(SolutionProperties) = preSolution
		HideSolutionNode = FALSE
	EndGlobalSection
	GlobalSection(ExtensibilityGlobals) = postSolution
		SolutionGuid = {14CDF1E5-E847-49DD-A859-8EA9A91B5F6E}
	EndGlobalSection
EndGlobal
